
Microsoft Visual Studio Solution File, Format Version 12.00
# Visual Studio Version 17
VisualStudioVersion = 17.9.34728.123
MinimumVisualStudioVersion = 10.0.40219.1
Project("{FAE04EC0-301F-11D3-BF4B-00C04F79EFBC}") = "Workout.Api", "Workout.Service\Workout.Api.csproj", "{87CDE275-0899-41BF-BD97-AA366AAC950D}"
EndProject
Global
	GlobalSection(SolutionConfigurationPlatforms) = preSolution
		Debug|Any CPU = Debug|Any CPU
		Release|Any CPU = Release|Any CPU
	EndGlobalSection
	GlobalSection(ProjectConfigurationPlatforms) = postSolution
		{87CDE275-0899-41BF-BD97-AA366AAC950D}.Debug|Any CPU.ActiveCfg = Debug|Any CPU
		{87CDE275-0899-41BF-BD97-AA366AAC950D}.Debug|Any CPU.Build.0 = Debug|Any CPU
		{87CDE275-0899-41BF-BD97-AA366AAC950D}.Release|Any CPU.ActiveCfg = Release|Any CPU
		{87CDE275-0899-41BF-BD97-AA366AAC950D}.Release|Any CPU.Build.0 = Release|Any CPU
	EndGlobalSection
	GlobalSection(SolutionProperties) = preSolution
		HideSolutionNode = FALSE
	EndGlobalSection
	GlobalSection(ExtensibilityGlobals) = postSolution
		SolutionGuid = {7FA845B5-4C2A-42F7-B695-A81DF1ECBE53}
	EndGlobalSection
EndGlobal
